
Microsoft Visual Studio Solution File, Format Version 12.00
# Visual Studio Version 16
VisualStudioVersion = 16.0.28803.156
MinimumVisualStudioVersion = 10.0.40219.1
Project("{8BC9CEB8-8B4A-11D0-8D11-00A0C91BC942}") = "libio", "libio\libio.vcxproj", "{B48C2C80-4BC5-40E7-8157-674B222F3321}"
EndProject
Project("{8BC9CEB8-8B4A-11D0-8D11-00A0C91BC942}") = "RawRecovery", "RawRecovery\RawRecovery.vcxproj", "{B12702AD-ABFB-343A-A199-8E24837244A3}"
EndProject
Project("{8BC9CEB8-8B4A-11D0-8D11-00A0C91BC942}") = "FileSystem", "FileSystem\FileSystem.vcxproj", "{C1870A94-FC6E-4386-AE70-9257E9E3360C}"
EndProject
Project("{8BC9CEB8-8B4A-11D0-8D11-00A0C91BC942}") = "FSViewer", "FSViewer\FSViewer.vcxproj", "{7A38CB3B-46BB-4B12-BEF2-4EEAC9282762}"
EndProject
Project("{2150E333-8FDC-42A3-9474-1A3956D46DE8}") = "libs", "libs", "{1AEC6750-5B55-444D-BBEC-9C16607F0EC9}"
EndProject
Project("{2150E333-8FDC-42A3-9474-1A3956D46DE8}") = "application", "application", "{05B5A937-073F-4200-BAE7-CA6874E4F4F8}"
EndProject
Project("{8BC9CEB8-8B4A-11D0-8D11-00A0C91BC942}") = "libraw", "libraw\libraw.vcxproj", "{FD026DE7-713E-4A7D-BB5C-166EA7C7808B}"
EndProject
Project("{8BC9CEB8-8B4A-11D0-8D11-00A0C91BC942}") = "JsonReader", "JsonReader\JsonReader.vcxproj", "{6E837A5F-BD95-4036-A04D-C4B0F8733705}"
EndProject
Project("{2150E333-8FDC-42A3-9474-1A3956D46DE8}") = "console app", "console app", "{6C4DEA17-1F7D-4127-BFE2-A9DB6A0BEC9B}"
EndProject
Project("{8BC9CEB8-8B4A-11D0-8D11-00A0C91BC942}") = "RawRecoveryConsole", "RawRecoveryConsole\RawRecoveryConsole.vcxproj", "{DC3D0320-205B-4E81-B6D0-5DCB4B196E76}"
EndProject
Project("{8BC9CEB8-8B4A-11D0-8D11-00A0C91BC942}") = "ConsoleApp", "ConsoleApp\ConsoleApp.vcxproj", "{A2EF600C-9B77-473A-8882-13E66970EAF0}"
EndProject
Project("{8BC9CEB8-8B4A-11D0-8D11-00A0C91BC942}") = "libole", "libole\libole.vcxproj", "{C59ACA1D-E1DD-4822-A104-7299AE8E40AB}"
EndProject
Project("{2150E333-8FDC-42A3-9474-1A3956D46DE8}") = "test", "test", "{5904B0C6-85D0-477B-A757-7BB81F0A6D17}"
EndProject
Project("{8BC9CEB8-8B4A-11D0-8D11-00A0C91BC942}") = "TestSignatures", "SignatureTestConsole\SignatureTestConsole.vcxproj", "{4BD25A96-84A3-46B4-9DCA-D1DE2289CB8E}"
EndProject
Project("{8BC9CEB8-8B4A-11D0-8D11-00A0C91BC942}") = "librawtest", "test\librawtest\librawtest.vcxproj", "{E1244616-9840-4C0E-BF08-CAF5247468F9}"
EndProject
Project("{8BC9CEB8-8B4A-11D0-8D11-00A0C91BC942}") = "libiotest", "test\libiotest\libiotest.vcxproj", "{87BFB5C4-B5C6-437F-BBC4-40A3CC1CF80B}"
EndProject
Global
	GlobalSection(SolutionConfigurationPlatforms) = preSolution
		Debug|x64 = Debug|x64
		Debug|x86 = Debug|x86
		Release|x64 = Release|x64
		Release|x86 = Release|x86
	EndGlobalSection
	GlobalSection(ProjectConfigurationPlatforms) = postSolution
		{B48C2C80-4BC5-40E7-8157-674B222F3321}.Debug|x64.ActiveCfg = Debug|x64
		{B48C2C80-4BC5-40E7-8157-674B222F3321}.Debug|x64.Build.0 = Debug|x64
		{B48C2C80-4BC5-40E7-8157-674B222F3321}.Debug|x86.ActiveCfg = Debug|Win32
		{B48C2C80-4BC5-40E7-8157-674B222F3321}.Debug|x86.Build.0 = Debug|Win32
		{B48C2C80-4BC5-40E7-8157-674B222F3321}.Release|x64.ActiveCfg = Release|x64
		{B48C2C80-4BC5-40E7-8157-674B222F3321}.Release|x64.Build.0 = Release|x64
		{B48C2C80-4BC5-40E7-8157-674B222F3321}.Release|x86.ActiveCfg = Release|Win32
		{B48C2C80-4BC5-40E7-8157-674B222F3321}.Release|x86.Build.0 = Release|Win32
		{B12702AD-ABFB-343A-A199-8E24837244A3}.Debug|x64.ActiveCfg = Debug|x64
		{B12702AD-ABFB-343A-A199-8E24837244A3}.Debug|x64.Build.0 = Debug|x64
		{B12702AD-ABFB-343A-A199-8E24837244A3}.Debug|x86.ActiveCfg = Debug|x64
		{B12702AD-ABFB-343A-A199-8E24837244A3}.Release|x64.ActiveCfg = Release|x64
		{B12702AD-ABFB-343A-A199-8E24837244A3}.Release|x64.Build.0 = Release|x64
		{B12702AD-ABFB-343A-A199-8E24837244A3}.Release|x86.ActiveCfg = Release|x64
		{C1870A94-FC6E-4386-AE70-9257E9E3360C}.Debug|x64.ActiveCfg = Debug|x64
		{C1870A94-FC6E-4386-AE70-9257E9E3360C}.Debug|x64.Build.0 = Debug|x64
		{C1870A94-FC6E-4386-AE70-9257E9E3360C}.Debug|x86.ActiveCfg = Debug|Win32
		{C1870A94-FC6E-4386-AE70-9257E9E3360C}.Debug|x86.Build.0 = Debug|Win32
		{C1870A94-FC6E-4386-AE70-9257E9E3360C}.Release|x64.ActiveCfg = Release|x64
		{C1870A94-FC6E-4386-AE70-9257E9E3360C}.Release|x64.Build.0 = Release|x64
		{C1870A94-FC6E-4386-AE70-9257E9E3360C}.Release|x86.ActiveCfg = Release|Win32
		{C1870A94-FC6E-4386-AE70-9257E9E3360C}.Release|x86.Build.0 = Release|Win32
		{7A38CB3B-46BB-4B12-BEF2-4EEAC9282762}.Debug|x64.ActiveCfg = Debug|x64
		{7A38CB3B-46BB-4B12-BEF2-4EEAC9282762}.Debug|x64.Build.0 = Debug|x64
		{7A38CB3B-46BB-4B12-BEF2-4EEAC9282762}.Debug|x86.ActiveCfg = Debug|x64
		{7A38CB3B-46BB-4B12-BEF2-4EEAC9282762}.Release|x64.ActiveCfg = Release|x64
		{7A38CB3B-46BB-4B12-BEF2-4EEAC9282762}.Release|x64.Build.0 = Release|x64
		{7A38CB3B-46BB-4B12-BEF2-4EEAC9282762}.Release|x86.ActiveCfg = Release|x64
		{FD026DE7-713E-4A7D-BB5C-166EA7C7808B}.Debug|x64.ActiveCfg = Debug|x64
		{FD026DE7-713E-4A7D-BB5C-166EA7C7808B}.Debug|x64.Build.0 = Debug|x64
		{FD026DE7-713E-4A7D-BB5C-166EA7C7808B}.Debug|x86.ActiveCfg = Debug|Win32
		{FD026DE7-713E-4A7D-BB5C-166EA7C7808B}.Debug|x86.Build.0 = Debug|Win32
		{FD026DE7-713E-4A7D-BB5C-166EA7C7808B}.Release|x64.ActiveCfg = Release|x64
		{FD026DE7-713E-4A7D-BB5C-166EA7C7808B}.Release|x64.Build.0 = Release|x64
		{FD026DE7-713E-4A7D-BB5C-166EA7C7808B}.Release|x86.ActiveCfg = Release|Win32
		{FD026DE7-713E-4A7D-BB5C-166EA7C7808B}.Release|x86.Build.0 = Release|Win32
		{6E837A5F-BD95-4036-A04D-C4B0F8733705}.Debug|x64.ActiveCfg = Debug|x64
		{6E837A5F-BD95-4036-A04D-C4B0F8733705}.Debug|x64.Build.0 = Debug|x64
		{6E837A5F-BD95-4036-A04D-C4B0F8733705}.Debug|x86.ActiveCfg = Debug|x64
		{6E837A5F-BD95-4036-A04D-C4B0F8733705}.Release|x64.ActiveCfg = Release|x64
		{6E837A5F-BD95-4036-A04D-C4B0F8733705}.Release|x64.Build.0 = Release|x64
		{6E837A5F-BD95-4036-A04D-C4B0F8733705}.Release|x86.ActiveCfg = Release|x64
		{DC3D0320-205B-4E81-B6D0-5DCB4B196E76}.Debug|x64.ActiveCfg = Debug|x64
		{DC3D0320-205B-4E81-B6D0-5DCB4B196E76}.Debug|x64.Build.0 = Debug|x64
		{DC3D0320-205B-4E81-B6D0-5DCB4B196E76}.Debug|x86.ActiveCfg = Debug|x64
		{DC3D0320-205B-4E81-B6D0-5DCB4B196E76}.Release|x64.ActiveCfg = Release|x64
		{DC3D0320-205B-4E81-B6D0-5DCB4B196E76}.Release|x64.Build.0 = Release|x64
		{DC3D0320-205B-4E81-B6D0-5DCB4B196E76}.Release|x86.ActiveCfg = Release|x64
		{A2EF600C-9B77-473A-8882-13E66970EAF0}.Debug|x64.ActiveCfg = Debug|x64
		{A2EF600C-9B77-473A-8882-13E66970EAF0}.Debug|x64.Build.0 = Debug|x64
		{A2EF600C-9B77-473A-8882-13E66970EAF0}.Debug|x86.ActiveCfg = Debug|Win32
		{A2EF600C-9B77-473A-8882-13E66970EAF0}.Debug|x86.Build.0 = Debug|Win32
		{A2EF600C-9B77-473A-8882-13E66970EAF0}.Release|x64.ActiveCfg = Release|x64
		{A2EF600C-9B77-473A-8882-13E66970EAF0}.Release|x64.Build.0 = Release|x64
		{A2EF600C-9B77-473A-8882-13E66970EAF0}.Release|x86.ActiveCfg = Release|Win32
		{A2EF600C-9B77-473A-8882-13E66970EAF0}.Release|x86.Build.0 = Release|Win32
		{C59ACA1D-E1DD-4822-A104-7299AE8E40AB}.Debug|x64.ActiveCfg = Debug|x64
		{C59ACA1D-E1DD-4822-A104-7299AE8E40AB}.Debug|x64.Build.0 = Debug|x64
		{C59ACA1D-E1DD-4822-A104-7299AE8E40AB}.Debug|x86.ActiveCfg = Debug|Win32
		{C59ACA1D-E1DD-4822-A104-7299AE8E40AB}.Debug|x86.Build.0 = Debug|Win32
		{C59ACA1D-E1DD-4822-A104-7299AE8E40AB}.Release|x64.ActiveCfg = Release|x64
		{C59ACA1D-E1DD-4822-A104-7299AE8E40AB}.Release|x64.Build.0 = Release|x64
		{C59ACA1D-E1DD-4822-A104-7299AE8E40AB}.Release|x86.ActiveCfg = Release|Win32
		{C59ACA1D-E1DD-4822-A104-7299AE8E40AB}.Release|x86.Build.0 = Release|Win32
		{4BD25A96-84A3-46B4-9DCA-D1DE2289CB8E}.Debug|x64.ActiveCfg = Debug|x64
		{4BD25A96-84A3-46B4-9DCA-D1DE2289CB8E}.Debug|x64.Build.0 = Debug|x64
		{4BD25A96-84A3-46B4-9DCA-D1DE2289CB8E}.Debug|x86.ActiveCfg = Debug|x64
		{4BD25A96-84A3-46B4-9DCA-D1DE2289CB8E}.Release|x64.ActiveCfg = Release|x64
		{4BD25A96-84A3-46B4-9DCA-D1DE2289CB8E}.Release|x64.Build.0 = Release|x64
		{4BD25A96-84A3-46B4-9DCA-D1DE2289CB8E}.Release|x86.ActiveCfg = Release|x64
		{E1244616-9840-4C0E-BF08-CAF5247468F9}.Debug|x64.ActiveCfg = Debug|x64
		{E1244616-9840-4C0E-BF08-CAF5247468F9}.Debug|x64.Build.0 = Debug|x64
		{E1244616-9840-4C0E-BF08-CAF5247468F9}.Debug|x86.ActiveCfg = Debug|Win32
		{E1244616-9840-4C0E-BF08-CAF5247468F9}.Debug|x86.Build.0 = Debug|Win32
		{E1244616-9840-4C0E-BF08-CAF5247468F9}.Release|x64.ActiveCfg = Release|x64
		{E1244616-9840-4C0E-BF08-CAF5247468F9}.Release|x64.Build.0 = Release|x64
		{E1244616-9840-4C0E-BF08-CAF5247468F9}.Release|x86.ActiveCfg = Release|Win32
		{E1244616-9840-4C0E-BF08-CAF5247468F9}.Release|x86.Build.0 = Release|Win32
		{87BFB5C4-B5C6-437F-BBC4-40A3CC1CF80B}.Debug|x64.ActiveCfg = Debug|x64
		{87BFB5C4-B5C6-437F-BBC4-40A3CC1CF80B}.Debug|x64.Build.0 = Debug|x64
		{87BFB5C4-B5C6-437F-BBC4-40A3CC1CF80B}.Debug|x86.ActiveCfg = Debug|Win32
		{87BFB5C4-B5C6-437F-BBC4-40A3CC1CF80B}.Debug|x86.Build.0 = Debug|Win32
		{87BFB5C4-B5C6-437F-BBC4-40A3CC1CF80B}.Release|x64.ActiveCfg = Release|x64
		{87BFB5C4-B5C6-437F-BBC4-40A3CC1CF80B}.Release|x64.Build.0 = Release|x64
		{87BFB5C4-B5C6-437F-BBC4-40A3CC1CF80B}.Release|x86.ActiveCfg = Release|Win32
		{87BFB5C4-B5C6-437F-BBC4-40A3CC1CF80B}.Release|x86.Build.0 = Release|Win32
	EndGlobalSection
	GlobalSection(SolutionProperties) = preSolution
		HideSolutionNode = FALSE
	EndGlobalSection
	GlobalSection(NestedProjects) = preSolution
		{B48C2C80-4BC5-40E7-8157-674B222F3321} = {1AEC6750-5B55-444D-BBEC-9C16607F0EC9}
		{B12702AD-ABFB-343A-A199-8E24837244A3} = {05B5A937-073F-4200-BAE7-CA6874E4F4F8}
		{C1870A94-FC6E-4386-AE70-9257E9E3360C} = {1AEC6750-5B55-444D-BBEC-9C16607F0EC9}
		{7A38CB3B-46BB-4B12-BEF2-4EEAC9282762} = {05B5A937-073F-4200-BAE7-CA6874E4F4F8}
		{FD026DE7-713E-4A7D-BB5C-166EA7C7808B} = {1AEC6750-5B55-444D-BBEC-9C16607F0EC9}
		{6E837A5F-BD95-4036-A04D-C4B0F8733705} = {1AEC6750-5B55-444D-BBEC-9C16607F0EC9}
		{DC3D0320-205B-4E81-B6D0-5DCB4B196E76} = {6C4DEA17-1F7D-4127-BFE2-A9DB6A0BEC9B}
		{A2EF600C-9B77-473A-8882-13E66970EAF0} = {6C4DEA17-1F7D-4127-BFE2-A9DB6A0BEC9B}
		{C59ACA1D-E1DD-4822-A104-7299AE8E40AB} = {1AEC6750-5B55-444D-BBEC-9C16607F0EC9}
		{4BD25A96-84A3-46B4-9DCA-D1DE2289CB8E} = {6C4DEA17-1F7D-4127-BFE2-A9DB6A0BEC9B}
		{E1244616-9840-4C0E-BF08-CAF5247468F9} = {5904B0C6-85D0-477B-A757-7BB81F0A6D17}
		{87BFB5C4-B5C6-437F-BBC4-40A3CC1CF80B} = {5904B0C6-85D0-477B-A757-7BB81F0A6D17}
	EndGlobalSection
	GlobalSection(ExtensibilityGlobals) = postSolution
		SolutionGuid = {11E3E18F-0E47-494E-881A-A4A95B3B4D7F}
	EndGlobalSection
EndGlobal
